
Microsoft Visual Studio Solution File, Format Version 12.00
# Visual Studio Version 16
VisualStudioVersion = 16.0.30804.86
MinimumVisualStudioVersion = 10.0.40219.1
Project("{FAE04EC0-301F-11D3-BF4B-00C04F79EFBC}") = "Laboratornaya 9", "Laboratornaya 9\Laboratornaya 9.csproj", "{E4C1D481-1371-4283-B226-338A0AC56772}"
EndProject
Global
	GlobalSection(SolutionConfigurationPlatforms) = preSolution
		Debug|Any CPU = Debug|Any CPU
		Release|Any CPU = Release|Any CPU
	EndGlobalSection
	GlobalSection(ProjectConfigurationPlatforms) = postSolution
		{E4C1D481-1371-4283-B226-338A0AC56772}.Debug|Any CPU.ActiveCfg = Debug|Any CPU
		{E4C1D481-1371-4283-B226-338A0AC56772}.Debug|Any CPU.Build.0 = Debug|Any CPU
		{E4C1D481-1371-4283-B226-338A0AC56772}.Release|Any CPU.ActiveCfg = Release|Any CPU
		{E4C1D481-1371-4283-B226-338A0AC56772}.Release|Any CPU.Build.0 = Release|Any CPU
	EndGlobalSection
	GlobalSection(SolutionProperties) = preSolution
		HideSolutionNode = FALSE
	EndGlobalSection
	GlobalSection(ExtensibilityGlobals) = postSolution
		SolutionGuid = {6A425254-FD28-4470-944B-83A270BD5749}
	EndGlobalSection
EndGlobal
